Microsoft Visual Studio Solution File, Format Version 12.00
# Visual Studio 2012
Project("{FAE04EC0-301F-11D3-BF4B-00C04F79EFBC}") = "estudoBasicoGodot", "estudoBasicoGodot.csproj", "{D28EBC2A-3793-4FC1-A193-12CA0A781F36}"
EndProject
Global
	GlobalSection(SolutionConfigurationPlatforms) = preSolution
	Debug|Any CPU = Debug|Any CPU
	ExportDebug|Any CPU = ExportDebug|Any CPU
	ExportRelease|Any CPU = ExportRelease|Any CPU
	EndGlobalSection
	GlobalSection(ProjectConfigurationPlatforms) = postSolution
		{D28EBC2A-3793-4FC1-A193-12CA0A781F36}.Debug|Any CPU.ActiveCfg = Debug|Any CPU
		{D28EBC2A-3793-4FC1-A193-12CA0A781F36}.Debug|Any CPU.Build.0 = Debug|Any CPU
		{D28EBC2A-3793-4FC1-A193-12CA0A781F36}.ExportDebug|Any CPU.ActiveCfg = ExportDebug|Any CPU
		{D28EBC2A-3793-4FC1-A193-12CA0A781F36}.ExportDebug|Any CPU.Build.0 = ExportDebug|Any CPU
		{D28EBC2A-3793-4FC1-A193-12CA0A781F36}.ExportRelease|Any CPU.ActiveCfg = ExportRelease|Any CPU
		{D28EBC2A-3793-4FC1-A193-12CA0A781F36}.ExportRelease|Any CPU.Build.0 = ExportRelease|Any CPU
	EndGlobalSection
EndGlobal
